// !$*UTF8*$!
{
	archiveVersion = 1;
	classes = {
	};
	objectVersion = 50;
	objects = {

/* Begin PBXBuildFile section */
		D6F8B0F123E3227E001C37BD /* AppDelegate.swift in Sources */ = {isa = PBXBuildFile; fileRef = D6F8B0F023E3227E001C37BD /* AppDelegate.swift */; };
		D6F8B0F323E3227E001C37BD /* SceneDelegate.swift in Sources */ = {isa = PBXBuildFile; fileRef = D6F8B0F223E3227E001C37BD /* SceneDelegate.swift */; };
		D6F8B0F523E3227E001C37BD /* ViewController.swift in Sources */ = {isa = PBXBuildFile; fileRef = D6F8B0F423E3227E001C37BD /* ViewController.swift */; };
		D6F8B0F823E3227E001C37BD /* Main.storyboard in Resources */ = {isa = PBXBuildFile; fileRef = D6F8B0F623E3227E001C37BD /* Main.storyboard */; };
		D6F8B0FA23E32281001C37BD /* Assets.xcassets in Resources */ = {isa = PBXBuildFile; fileRef = D6F8B0F923E32281001C37BD /* Assets.xcassets */; };
		D6F8B0FD23E32281001C37BD /* LaunchScreen.storyboard in Resources */ = {isa = PBXBuildFile; fileRef = D6F8B0FB23E32281001C37BD /* LaunchScreen.storyboard */; };
		D6F8B10823E32281001C37BD /* VideoStreamTests.swift in Sources */ = {isa = PBXBuildFile; fileRef = D6F8B10723E32281001C37BD /* VideoStreamTests.swift */; };
		D6F8B11323E32281001C37BD /* VideoStreamUITests.swift in Sources */ = {isa = PBXBuildFile; fileRef = D6F8B11223E32281001C37BD /* VideoStreamUITests.swift */; };
/* End PBXBuildFile section */

/* Begin PBXContainerItemProxy section */
		D6F8B10423E32281001C37BD /* PBXContainerItemProxy */ = {
			isa = PBXContainerItemProxy;
			containerPortal = D6F8B0E523E3227E001C37BD /* Project object */;
			proxyType = 1;
			remoteGlobalIDString = D6F8B0EC23E3227E001C37BD;
			remoteInfo = VideoStream;
		};
		D6F8B10F23E32281001C37BD /* PBXContainerItemProxy */ = {
			isa = PBXContainerItemProxy;
			containerPortal = D6F8B0E523E3227E001C37BD /* Project object */;
			proxyType = 1;
			remoteGlobalIDString = D6F8B0EC23E3227E001C37BD;
			remoteInfo = VideoStream;
		};
/* End PBXContainerItemProxy section */

/* Begin PBXFileReference section */
		D6F8B0ED23E3227E001C37BD /* VideoStream.app */ = {isa = PBXFileReference; explicitFileType = wrapper.application; includeInIndex = 0; path = VideoStream.app; sourceTree = BUILT_PRODUCTS_DIR; };
		D6F8B0F023E3227E001C37BD /* AppDelegate.swift */ = {isa = PBXFileReference; lastKnownFileType = sourcecode.swift; path = AppDelegate.swift; sourceTree = "<group>"; };
		D6F8B0F223E3227E001C37BD /* SceneDelegate.swift */ = {isa = PBXFileReference; lastKnownFileType = sourcecode.swift; path = SceneDelegate.swift; sourceTree = "<group>"; };
		D6F8B0F423E3227E001C37BD /* ViewController.swift */ = {isa = PBXFileReference; lastKnownFileType = sourcecode.swift; path = ViewController.swift; sourceTree = "<group>"; };
		D6F8B0F723E3227E001C37BD /* Base */ = {isa = PBXFileReference; lastKnownFileType = file.storyboard; name = Base; path = Base.lproj/Main.storyboard; sourceTree = "<group>"; };
		D6F8B0F923E32281001C37BD /* Assets.xcassets */ = {isa = PBXFileReference; lastKnownFileType = folder.assetcatalog; path = Assets.xcassets; sourceTree = "<group>"; };
		D6F8B0FC23E32281001C37BD /* Base */ = {isa = PBXFileReference; lastKnownFileType = file.storyboard; name = Base; path = Base.lproj/LaunchScreen.storyboard; sourceTree = "<group>"; };
		D6F8B0FE23E32281001C37BD /* Info.plist */ = {isa = PBXFileReference; lastKnownFileType = text.plist.xml; path = Info.plist; sourceTree = "<group>"; };
		D6F8B10323E32281001C37BD /* VideoStreamTests.xctest */ = {isa = PBXFileReference; explicitFileType = wrapper.cfbundle; includeInIndex = 0; path = VideoStreamTests.xctest; sourceTree = BUILT_PRODUCTS_DIR; };
		D6F8B10723E32281001C37BD /* VideoStreamTests.swift */ = {isa = PBXFileReference; lastKnownFileType = sourcecode.swift; path = VideoStreamTests.swift; sourceTree = "<group>"; };
		D6F8B10923E32281001C37BD /* Info.plist */ = {isa = PBXFileReference; lastKnownFileType = text.plist.xml; path = Info.plist; sourceTree = "<group>"; };
		D6F8B10E23E32281001C37BD /* VideoStreamUITests.xctest */ = {isa = PBXFileReference; explicitFileType = wrapper.cfbundle; includeInIndex = 0; path = VideoStreamUITests.xctest; sourceTree = BUILT_PRODUCTS_DIR; };
		D6F8B11223E32281001C37BD /* VideoStreamUITests.swift */ = {isa = PBXFileReference; lastKnownFileType = sourcecode.swift; path = VideoStreamUITests.swift; sourceTree = "<group>"; };
		D6F8B11423E32281001C37BD /* Info.plist */ = {isa = PBXFileReference; lastKnownFileType = text.plist.xml; path = Info.plist; sourceTree = "<group>"; };
/* End PBXFileReference section */

/* Begin PBXFrameworksBuildPhase section */
		D6F8B0EA23E3227E001C37BD /* Frameworks */ = {
			isa = PBXFrameworksBuildPhase;
			buildActionMask = 2147483647;
			files = (
			);
			runOnlyForDeploymentPostprocessing = 0;
		};
		D6F8B10023E32281001C37BD /* Frameworks */ = {
			isa = PBXFrameworksBuildPhase;
			buildActionMask = 2147483647;
			files = (
			);
			runOnlyForDeploymentPostprocessing = 0;
		};
		D6F8B10B23E32281001C37BD /* Frameworks */ = {
			isa = PBXFrameworksBuildPhase;
			buildActionMask = 2147483647;
			files = (
			);
			runOnlyForDeploymentPostprocessing = 0;
		};
/* End PBXFrameworksBuildPhase section */

/* Begin PBXGroup section */
		D6F8B0E423E3227E001C37BD = {
			isa = PBXGroup;
			children = (
				D6F8B0EF23E3227E001C37BD /* VideoStream */,
				D6F8B10623E32281001C37BD /* VideoStreamTests */,
				D6F8B11123E32281001C37BD /* VideoStreamUITests */,
				D6F8B0EE23E3227E001C37BD /* Products */,
			);
			sourceTree = "<group>";
		};
		D6F8B0EE23E3227E001C37BD /* Products */ = {
			isa = PBXGroup;
			children = (
				D6F8B0ED23E3227E001C37BD /* VideoStream.app */,
				D6F8B10323E32281001C37BD /* VideoStreamTests.xctest */,
				D6F8B10E23E32281001C37BD /* VideoStreamUITests.xctest */,
			);
			name = Products;
			sourceTree = "<group>";
		};
		D6F8B0EF23E3227E001C37BD /* VideoStream */ = {
			isa = PBXGroup;
			children = (
				D6F8B0F023E3227E001C37BD /* AppDelegate.swift */,
				D6F8B0F223E3227E001C37BD /* SceneDelegate.swift */,
				D6F8B0F423E3227E001C37BD /* ViewController.swift */,
				D6F8B0F623E3227E001C37BD /* Main.storyboard */,
				D6F8B0F923E32281001C37BD /* Assets.xcassets */,
				D6F8B0FB23E32281001C37BD /* LaunchScreen.storyboard */,
				D6F8B0FE23E32281001C37BD /* Info.plist */,
			);
			path = VideoStream;
			sourceTree = "<group>";
		};
		D6F8B10623E32281001C37BD /* VideoStreamTests */ = {
			isa = PBXGroup;
			children = (
				D6F8B10723E32281001C37BD /* VideoStreamTests.swift */,
				D6F8B10923E32281001C37BD /* Info.plist */,
			);
			path = VideoStreamTests;
			sourceTree = "<group>";
		};
		D6F8B11123E32281001C37BD /* VideoStreamUITests */ = {
			isa = PBXGroup;
			children = (
				D6F8B11223E32281001C37BD /* VideoStreamUITests.swift */,
				D6F8B11423E32281001C37BD /* Info.plist */,
			);
			path = VideoStreamUITests;
			sourceTree = "<group>";
		};
/* End PBXGroup section */

/* Begin PBXNativeTarget section */
		D6F8B0EC23E3227E001C37BD /* VideoStream */ = {
			isa = PBXNativeTarget;
			buildConfigurationList = D6F8B11723E32281001C37BD /* Build configuration list for PBXNativeTarget "VideoStream" */;
			buildPhases = (
				D6F8B0E923E3227E001C37BD /* Sources */,
				D6F8B0EA23E3227E001C37BD /* Frameworks */,
				D6F8B0EB23E3227E001C37BD /* Resources */,
			);
			buildRules = (
			);
			dependencies = (
			);
			name = VideoStream;
			productName = VideoStream;
			productReference = D6F8B0ED23E3227E001C37BD /* VideoStream.app */;
			productType = "com.apple.product-type.application";
		};
		D6F8B10223E32281001C37BD /* VideoStreamTests */ = {
			isa = PBXNativeTarget;
			buildConfigurationList = D6F8B11A23E32281001C37BD /* Build configuration list for PBXNativeTarget "VideoStreamTests" */;
			buildPhases = (
				D6F8B0FF23E32281001C37BD /* Sources */,
				D6F8B10023E32281001C37BD /* Frameworks */,
				D6F8B10123E32281001C37BD /* Resources */,
			);
			buildRules = (
			);
			dependencies = (
				D6F8B10523E32281001C37BD /* PBXTargetDependency */,
			);
			name = VideoStreamTests;
			productName = VideoStreamTests;
			productReference = D6F8B10323E32281001C37BD /* VideoStreamTests.xctest */;
			productType = "com.apple.product-type.bundle.unit-test";
		};
		D6F8B10D23E32281001C37BD /* VideoStreamUITests */ = {
			isa = PBXNativeTarget;
			buildConfigurationList = D6F8B11D23E32281001C37BD /* Build configuration list for PBXNativeTarget "VideoStreamUITests" */;
			buildPhases = (
				D6F8B10A23E32281001C37BD /* Sources */,
				D6F8B10B23E32281001C37BD /* Frameworks */,
				D6F8B10C23E32281001C37BD /* Resources */,
			);
			buildRules = (
			);
			dependencies = (
				D6F8B11023E32281001C37BD /* PBXTargetDependency */,
			);
			name = VideoStreamUITests;
			productName = VideoStreamUITests;
			productReference = D6F8B10E23E32281001C37BD /* VideoStreamUITests.xctest */;
			productType = "com.apple.product-type.bundle.ui-testing";
		};
/* End PBXNativeTarget section */

/* Begin PBXProject section */
		D6F8B0E523E3227E001C37BD /* Project object */ = {
			isa = PBXProject;
			attributes = {
				LastSwiftUpdateCheck = 1110;
				LastUpgradeCheck = 1110;
				ORGANIZATIONNAME = "Sambit Das";
				TargetAttributes = {
					D6F8B0EC23E3227E001C37BD = {
						CreatedOnToolsVersion = 11.1;
					};
					D6F8B10223E32281001C37BD = {
						CreatedOnToolsVersion = 11.1;
						TestTargetID = D6F8B0EC23E3227E001C37BD;
					};
					D6F8B10D23E32281001C37BD = {
						CreatedOnToolsVersion = 11.1;
						TestTargetID = D6F8B0EC23E3227E001C37BD;
					};
				};
			};
			buildConfigurationList = D6F8B0E823E3227E001C37BD /* Build configuration list for PBXProject "VideoStream" */;
			compatibilityVersion = "Xcode 9.3";
			developmentRegion = en;
			hasScannedForEncodings = 0;
			knownRegions = (
				en,
				Base,
			);
			mainGroup = D6F8B0E423E3227E001C37BD;
			productRefGroup = D6F8B0EE23E3227E001C37BD /* Products */;
			projectDirPath = "";
			projectRoot = "";
			targets = (
				D6F8B0EC23E3227E001C37BD /* VideoStream */,
				D6F8B10223E32281001C37BD /* VideoStreamTests */,
				D6F8B10D23E32281001C37BD /* VideoStreamUITests */,
			);
		};
/* End PBXProject section */

/* Begin PBXResourcesBuildPhase section */
		D6F8B0EB23E3227E001C37BD /* Resources */ = {
			isa = PBXResourcesBuildPhase;
			buildActionMask = 2147483647;
			files = (
				D6F8B0FD23E32281001C37BD /* LaunchScreen.storyboard in Resources */,
				D6F8B0FA23E32281001C37BD /* Assets.xcassets in Resources */,
				D6F8B0F823E3227E001C37BD /* Main.storyboard in Resources */,
			);
			runOnlyForDeploymentPostprocessing = 0;
		};
		D6F8B10123E32281001C37BD /* Resources */ = {
			isa = PBXResourcesBuildPhase;
			buildActionMask = 2147483647;
			files = (
			);
			runOnlyForDeploymentPostprocessing = 0;
		};
		D6F8B10C23E32281001C37BD /* Resources */ = {
			isa = PBXResourcesBuildPhase;
			buildActionMask = 2147483647;
			files = (
			);
			runOnlyForDeploymentPostprocessing = 0;
		};
/* End PBXResourcesBuildPhase section */

/* Begin PBXSourcesBuildPhase section */
		D6F8B0E923E3227E001C37BD /* Sources */ = {
			isa = PBXSourcesBuildPhase;
			buildActionMask = 2147483647;
			files = (
				D6F8B0F523E3227E001C37BD /* ViewController.swift in Sources */,
				D6F8B0F123E3227E001C37BD /* AppDelegate.swift in Sources */,
				D6F8B0F323E3227E001C37BD /* SceneDelegate.swift in Sources */,
			);
			runOnlyForDeploymentPostprocessing = 0;
		};
		D6F8B0FF23E32281001C37BD /* Sources */ = {
			isa = PBXSourcesBuildPhase;
			buildActionMask = 2147483647;
			files = (
				D6F8B10823E32281001C37BD /* VideoStreamTests.swift in Sources */,
			);
			runOnlyForDeploymentPostprocessing = 0;
		};
		D6F8B10A23E32281001C37BD /* Sources */ = {
			isa = PBXSourcesBuildPhase;
			buildActionMask = 2147483647;
			files = (
				D6F8B11323E32281001C37BD /* VideoStreamUITests.swift in Sources */,
			);
			runOnlyForDeploymentPostprocessing = 0;
		};
/* End PBXSourcesBuildPhase section */

/* Begin PBXTargetDependency section */
		D6F8B10523E32281001C37BD /* PBXTargetDependency */ = {
			isa = PBXTargetDependency;
			target = D6F8B0EC23E3227E001C37BD /* VideoStream */;
			targetProxy = D6F8B10423E32281001C37BD /* PBXContainerItemProxy */;
		};
		D6F8B11023E32281001C37BD /* PBXTargetDependency */ = {
			isa = PBXTargetDependency;
			target = D6F8B0EC23E3227E001C37BD /* VideoStream */;
			targetProxy = D6F8B10F23E32281001C37BD /* PBXContainerItemProxy */;
		};
/* End PBXTargetDependency section */

/* Begin PBXVariantGroup section */
		D6F8B0F623E3227E001C37BD /* Main.storyboard */ = {
			isa = PBXVariantGroup;
			children = (
				D6F8B0F723E3227E001C37BD /* Base */,
			);
			name = Main.storyboard;
			sourceTree = "<group>";
		};
		D6F8B0FB23E32281001C37BD /* LaunchScreen.storyboard */ = {
			isa = PBXVariantGroup;
			children = (
				D6F8B0FC23E32281001C37BD /* Base */,
			);
			name = LaunchScreen.storyboard;
			sourceTree = "<group>";
		};
/* End PBXVariantGroup section */

/* Begin XCBuildConfiguration section */
		D6F8B11523E32281001C37BD /* Debug */ = {
			isa = XCBuildConfiguration;
			buildSettings = {
				ALWAYS_SEARCH_USER_PATHS = NO;
				CLANG_ANALYZER_NONNULL = YES;
				CLANG_ANALYZER_NUMBER_OBJECT_CONVERSION = YES_AGGRESSIVE;
				CLANG_CXX_LANGUAGE_STANDARD = "gnu++14";
				CLANG_CXX_LIBRARY = "libc++";
				CLANG_ENABLE_MODULES = YES;
				CLANG_ENABLE_OBJC_ARC = YES;
				CLANG_ENABLE_OBJC_WEAK = YES;
				CLANG_WARN_BLOCK_CAPTURE_AUTORELEASING = YES;
				CLANG_WARN_BOOL_CONVERSION = YES;
				CLANG_WARN_COMMA = YES;
				CLANG_WARN_CONSTANT_CONVERSION = YES;
				CLANG_WARN_DEPRECATED_OBJC_IMPLEMENTATIONS = YES;
				CLANG_WARN_DIRECT_OBJC_ISA_USAGE = YES_ERROR;
				CLANG_WARN_DOCUMENTATION_COMMENTS = YES;
				CLANG_WARN_EMPTY_BODY = YES;
				CLANG_WARN_ENUM_CONVERSION = YES;
				CLANG_WARN_INFINITE_RECURSION = YES;
				CLANG_WARN_INT_CONVERSION = YES;
				CLANG_WARN_NON_LITERAL_NULL_CONVERSION = YES;
				CLANG_WARN_OBJC_IMPLICIT_RETAIN_SELF = YES;
				CLANG_WARN_OBJC_LITERAL_CONVERSION = YES;
				CLANG_WARN_OBJC_ROOT_CLASS = YES_ERROR;
				CLANG_WARN_RANGE_LOOP_ANALYSIS = YES;
				CLANG_WARN_STRICT_PROTOTYPES = YES;
				CLANG_WARN_SUSPICIOUS_MOVE = YES;
				CLANG_WARN_UNGUARDED_AVAILABILITY = YES_AGGRESSIVE;
				CLANG_WARN_UNREACHABLE_CODE = YES;
				CLANG_WARN__DUPLICATE_METHOD_MATCH = YES;
				COPY_PHASE_STRIP = NO;
				DEBUG_INFORMATION_FORMAT = dwarf;
				ENABLE_STRICT_OBJC_MSGSEND = YES;
				ENABLE_TESTABILITY = YES;
				GCC_C_LANGUAGE_STANDARD = gnu11;
				GCC_DYNAMIC_NO_PIC = NO;
				GCC_NO_COMMON_BLOCKS = YES;
				GCC_OPTIMIZATION_LEVEL = 0;
				GCC_PREPROCESSOR_DEFINITIONS = (
					"DEBUG=1",
					"$(inherited)",
				);
				GCC_WARN_64_TO_32_BIT_CONVERSION = YES;
				GCC_WARN_ABOUT_RETURN_TYPE = YES_ERROR;
				GCC_WARN_UNDECLARED_SELECTOR = YES;
				GCC_WARN_UNINITIALIZED_AUTOS = YES_AGGRESSIVE;
				GCC_WARN_UNUSED_FUNCTION = YES;
				GCC_WARN_UNUSED_VARIABLE = YES;
				IPHONEOS_DEPLOYMENT_TARGET = 13.1;
				MTL_ENABLE_DEBUG_INFO = INCLUDE_SOURCE;
				MTL_FAST_MATH = YES;
				ONLY_ACTIVE_ARCH = YES;
				SDKROOT = iphoneos;
				SWIFT_ACTIVE_COMPILATION_CONDITIONS = DEBUG;
				SWIFT_OPTIMIZATION_LEVEL = "-Onone";
			};
			name = Debug;
		};
		D6F8B11623E32281001C37BD /* Release */ = {
			isa = XCBuildConfiguration;
			buildSettings = {
				ALWAYS_SEARCH_USER_PATHS = NO;
				CLANG_ANALYZER_NONNULL = YES;
				CLANG_ANALYZER_NUMBER_OBJECT_CONVERSION = YES_AGGRESSIVE;
				CLANG_CXX_LANGUAGE_STANDARD = "gnu++14";
				CLANG_CXX_LIBRARY = "libc++";
				CLANG_ENABLE_MODULES = YES;
				CLANG_ENABLE_OBJC_ARC = YES;
				CLANG_ENABLE_OBJC_WEAK = YES;
				CLANG_WARN_BLOCK_CAPTURE_AUTORELEASING = YES;
				CLANG_WARN_BOOL_CONVERSION = YES;
				CLANG_WARN_COMMA = YES;
				CLANG_WARN_CONSTANT_CONVERSION = YES;
				CLANG_WARN_DEPRECATED_OBJC_IMPLEMENTATIONS = YES;
				CLANG_WARN_DIRECT_OBJC_ISA_USAGE = YES_ERROR;
				CLANG_WARN_DOCUMENTATION_COMMENTS = YES;
				CLANG_WARN_EMPTY_BODY = YES;
				CLANG_WARN_ENUM_CONVERSION = YES;
				CLANG_WARN_INFINITE_RECURSION = YES;
				CLANG_WARN_INT_CONVERSION = YES;
				CLANG_WARN_NON_LITERAL_NULL_CONVERSION = YES;
				CLANG_WARN_OBJC_IMPLICIT_RETAIN_SELF = YES;
				CLANG_WARN_OBJC_LITERAL_CONVERSION = YES;
				CLANG_WARN_OBJC_ROOT_CLASS = YES_ERROR;
				CLANG_WARN_RANGE_LOOP_ANALYSIS = YES;
				CLANG_WARN_STRICT_PROTOTYPES = YES;
				CLANG_WARN_SUSPICIOUS_MOVE = YES;
				CLANG_WARN_UNGUARDED_AVAILABILITY = YES_AGGRESSIVE;
				CLANG_WARN_UNREACHABLE_CODE = YES;
				CLANG_WARN__DUPLICATE_METHOD_MATCH = YES;
				COPY_PHASE_STRIP = NO;
				DEBUG_INFORMATION_FORMAT = "dwarf-with-dsym";
				ENABLE_NS_ASSERTIONS = NO;
				ENABLE_STRICT_OBJC_MSGSEND = YES;
				GCC_C_LANGUAGE_STANDARD = gnu11;
				GCC_NO_COMMON_BLOCKS = YES;
				GCC_WARN_64_TO_32_BIT_CONVERSION = YES;
				GCC_WARN_ABOUT_RETURN_TYPE = YES_ERROR;
				GCC_WARN_UNDECLARED_SELECTOR = YES;
				GCC_WARN_UNINITIALIZED_AUTOS = YES_AGGRESSIVE;
				GCC_WARN_UNUSED_FUNCTION = YES;
				GCC_WARN_UNUSED_VARIABLE = YES;
				IPHONEOS_DEPLOYMENT_TARGET = 13.1;
				MTL_ENABLE_DEBUG_INFO = NO;
				MTL_FAST_MATH = YES;
				SDKROOT = iphoneos;
				SWIFT_COMPILATION_MODE = wholemodule;
				SWIFT_OPTIMIZATION_LEVEL = "-O";
				VALIDATE_PRODUCT = YES;
			};
			name = Release;
		};
		D6F8B11823E32281001C37BD /* Debug */ = {
			isa = XCBuildConfiguration;
			buildSettings = {
				ASSETCATALOG_COMPILER_APPICON_NAME = AppIcon;
				CODE_SIGN_STYLE = Automatic;
				DEVELOPMENT_TEAM = KFFGWW94BP;
				INFOPLIST_FILE = VideoStream/Info.plist;
				LD_RUNPATH_SEARCH_PATHS = (
					"$(inherited)",
					"@executable_path/Frameworks",
				);
				PRODUCT_BUNDLE_IDENTIFIER = das.sambit.VideoStream;
				PRODUCT_NAME = "$(TARGET_NAME)";
				SWIFT_VERSION = 5.0;
				TARGETED_DEVICE_FAMILY = "1,2";
			};
			name = Debug;
		};
		D6F8B11923E32281001C37BD /* Release */ = {
			isa = XCBuildConfiguration;
			buildSettings = {
				ASSETCATALOG_COMPILER_APPICON_NAME = AppIcon;
				CODE_SIGN_STYLE = Automatic;
				DEVELOPMENT_TEAM = KFFGWW94BP;
				INFOPLIST_FILE = VideoStream/Info.plist;
				LD_RUNPATH_SEARCH_PATHS = (
					"$(inherited)",
					"@executable_path/Frameworks",
				);
				PRODUCT_BUNDLE_IDENTIFIER = das.sambit.VideoStream;
				PRODUCT_NAME = "$(TARGET_NAME)";
				SWIFT_VERSION = 5.0;
				TARGETED_DEVICE_FAMILY = "1,2";
			};
			name = Release;
		};
		D6F8B11B23E32281001C37BD /* Debug */ = {
			isa = XCBuildConfiguration;
			buildSettings = {
				ALWAYS_EMBED_SWIFT_STANDARD_LIBRARIES = YES;
				BUNDLE_LOADER = "$(TEST_HOST)";
				CODE_SIGN_STYLE = Automatic;
				DEVELOPMENT_TEAM = KFFGWW94BP;
				INFOPLIST_FILE = VideoStreamTests/Info.plist;
				IPHONEOS_DEPLOYMENT_TARGET = 13.1;
				LD_RUNPATH_SEARCH_PATHS = (
					"$(inherited)",
					"@executable_path/Frameworks",
					"@loader_path/Frameworks",
				);
				PRODUCT_BUNDLE_IDENTIFIER = das.sambit.VideoStreamTests;
				PRODUCT_NAME = "$(TARGET_NAME)";
				SWIFT_VERSION = 5.0;
				TARGETED_DEVICE_FAMILY = "1,2";
				TEST_HOST = "$(BUILT_PRODUCTS_DIR)/VideoStream.app/VideoStream";
			};
			name = Debug;
		};
		D6F8B11C23E32281001C37BD /* Release */ = {
			isa = XCBuildConfiguration;
			buildSettings = {
				ALWAYS_EMBED_SWIFT_STANDARD_LIBRARIES = YES;
				BUNDLE_LOADER = "$(TEST_HOST)";
				CODE_SIGN_STYLE = Automatic;
				DEVELOPMENT_TEAM = KFFGWW94BP;
				INFOPLIST_FILE = VideoStreamTests/Info.plist;
				IPHONEOS_DEPLOYMENT_TARGET = 13.1;
				LD_RUNPATH_SEARCH_PATHS = (
					"$(inherited)",
					"@executable_path/Frameworks",
					"@loader_path/Frameworks",
				);
				PRODUCT_BUNDLE_IDENTIFIER = das.sambit.VideoStreamTests;
				PRODUCT_NAME = "$(TARGET_NAME)";
				SWIFT_VERSION = 5.0;
				TARGETED_DEVICE_FAMILY = "1,2";
				TEST_HOST = "$(BUILT_PRODUCTS_DIR)/VideoStream.app/VideoStream";
			};
			name = Release;
		};
		D6F8B11E23E32281001C37BD /* Debug */ = {
			isa = XCBuildConfiguration;
			buildSettings = {
				ALWAYS_EMBED_SWIFT_STANDARD_LIBRARIES = YES;
				CODE_SIGN_STYLE = Automatic;
				DEVELOPMENT_TEAM = KFFGWW94BP;
				INFOPLIST_FILE = VideoStreamUITests/Info.plist;
				LD_RUNPATH_SEARCH_PATHS = (
					"$(inherited)",
					"@executable_path/Frameworks",
					"@loader_path/Frameworks",
				);
				PRODUCT_BUNDLE_IDENTIFIER = das.sambit.VideoStreamUITests;
				PRODUCT_NAME = "$(TARGET_NAME)";
				SWIFT_VERSION = 5.0;
				TARGETED_DEVICE_FAMILY = "1,2";
				TEST_TARGET_NAME = VideoStream;
			};
			name = Debug;
		};
		D6F8B11F23E32281001C37BD /* Release */ = {
			isa = XCBuildConfiguration;
			buildSettings = {
				ALWAYS_EMBED_SWIFT_STANDARD_LIBRARIES = YES;
				CODE_SIGN_STYLE = Automatic;
				DEVELOPMENT_TEAM = KFFGWW94BP;
				INFOPLIST_FILE = VideoStreamUITests/Info.plist;
				LD_RUNPATH_SEARCH_PATHS = (
					"$(inherited)",
					"@executable_path/Frameworks",
					"@loader_path/Frameworks",
				);
				PRODUCT_BUNDLE_IDENTIFIER = das.sambit.VideoStreamUITests;
				PRODUCT_NAME = "$(TARGET_NAME)";
				SWIFT_VERSION = 5.0;
				TARGETED_DEVICE_FAMILY = "1,2";
				TEST_TARGET_NAME = VideoStream;
			};
			name = Release;
		};
/* End XCBuildConfiguration section */

/* Begin XCConfigurationList section */
		D6F8B0E823E3227E001C37BD /* Build configuration list for PBXProject "VideoStream" */ = {
			isa = XCConfigurationList;
			buildConfigurations = (
				D6F8B11523E32281001C37BD /* Debug */,
				D6F8B11623E32281001C37BD /* Release */,
			);
			defaultConfigurationIsVisible = 0;
			defaultConfigurationName = Release;
		};
		D6F8B11723E32281001C37BD /* Build configuration list for PBXNativeTarget "VideoStream" */ = {
			isa = XCConfigurationList;
			buildConfigurations = (
				D6F8B11823E32281001C37BD /* Debug */,
				D6F8B11923E32281001C37BD /* Release */,
			);
			defaultConfigurationIsVisible = 0;
			defaultConfigurationName = Release;
		};
		D6F8B11A23E32281001C37BD /* Build configuration list for PBXNativeTarget "VideoStreamTests" */ = {
			isa = XCConfigurationList;
			buildConfigurations = (
				D6F8B11B23E32281001C37BD /* Debug */,
				D6F8B11C23E32281001C37BD /* Release */,
			);
			defaultConfigurationIsVisible = 0;
			defaultConfigurationName = Release;
		};
		D6F8B11D23E32281001C37BD /* Build configuration list for PBXNativeTarget "VideoStreamUITests" */ = {
			isa = XCConfigurationList;
			buildConfigurations = (
				D6F8B11E23E32281001C37BD /* Debug */,
				D6F8B11F23E32281001C37BD /* Release */,
			);
			defaultConfigurationIsVisible = 0;
			defaultConfigurationName = Release;
		};
/* End XCConfigurationList section */
	};
	rootObject = D6F8B0E523E3227E001C37BD /* Project object */;
}
